
Microsoft Visual Studio Solution File, Format Version 12.00
# Visual Studio 2013
VisualStudioVersion = 12.0.30501.0
MinimumVisualStudioVersion = 10.0.40219.1
Project("{FAE04EC0-301F-11D3-BF4B-00C04F79EFBC}") = "adc", "adc.csproj", "{D5299621-8DA1-4FE6-AAFF-C764EDE8A7AB}"
EndProject
Project("{FAE04EC0-301F-11D3-BF4B-00C04F79EFBC}") = "adc.tests", "..\adc.tests\adc.tests.csproj", "{BAEBBEBA-F882-4A12-A220-1D4B24BAFDB2}"
EndProject
Global
	GlobalSection(SolutionConfigurationPlatforms) = preSolution
		Debug|Any CPU = Debug|Any CPU
		Release|Any CPU = Release|Any CPU
	EndGlobalSection
	GlobalSection(ProjectConfigurationPlatforms) = postSolution
		{D5299621-8DA1-4FE6-AAFF-C764EDE8A7AB}.Debug|Any CPU.ActiveCfg = Debug|Any CPU
		{D5299621-8DA1-4FE6-AAFF-C764EDE8A7AB}.Debug|Any CPU.Build.0 = Debug|Any CPU
		{D5299621-8DA1-4FE6-AAFF-C764EDE8A7AB}.Release|Any CPU.ActiveCfg = Release|Any CPU
		{D5299621-8DA1-4FE6-AAFF-C764EDE8A7AB}.Release|Any CPU.Build.0 = Release|Any CPU
		{BAEBBEBA-F882-4A12-A220-1D4B24BAFDB2}.Debug|Any CPU.ActiveCfg = Debug|Any CPU
		{BAEBBEBA-F882-4A12-A220-1D4B24BAFDB2}.Debug|Any CPU.Build.0 = Debug|Any CPU
		{BAEBBEBA-F882-4A12-A220-1D4B24BAFDB2}.Release|Any CPU.ActiveCfg = Release|Any CPU
		{BAEBBEBA-F882-4A12-A220-1D4B24BAFDB2}.Release|Any CPU.Build.0 = Release|Any CPU
	EndGlobalSection
	GlobalSection(SolutionProperties) = preSolution
		HideSolutionNode = FALSE
	EndGlobalSection
EndGlobal
